
Microsoft Visual Studio Solution File, Format Version 12.00
# Visual Studio 15
VisualStudioVersion = 15.0.27703.2000
MinimumVisualStudioVersion = 10.0.40219.1
Project("{2150E333-8FDC-42A3-9474-1A3956D46DE8}") = "Web", "Web", "{E9BE9526-72E9-45CF-95B7-1D4256EC98AC}"
EndProject
Project("{2150E333-8FDC-42A3-9474-1A3956D46DE8}") = "Tests", "Tests", "{721678A5-7337-4CC3-89E7-1F77B660DAC4}"
EndProject
Project("{2150E333-8FDC-42A3-9474-1A3956D46DE8}") = "Services", "Services", "{FE9B29CE-49FC-47D0-8FA1-D84A8CB720E7}"
EndProject
Project("{9A19103F-16F7-4668-BE54-9A1E7A4F7556}") = "Mp3MusicZone.Auth", "Mp3MusicZone.Auth\Mp3MusicZone.Auth.csproj", "{D8DECB16-56D6-4F2C-89EF-08FD48CC2B39}"
EndProject
Project("{9A19103F-16F7-4668-BE54-9A1E7A4F7556}") = "Mp3MusicZone.DataServices", "Mp3MusicZone.DataServices\Mp3MusicZone.DataServices.csproj", "{00E62634-ED2C-4EA4-831B-F0D36CEC2FAD}"
EndProject
Project("{9A19103F-16F7-4668-BE54-9A1E7A4F7556}") = "Mp3MusicZone.Web.Infrastructure", "Mp3MusicZone.Web.Infrastructure\Mp3MusicZone.Web.Infrastructure.csproj", "{DAD6EBB8-2C14-4EFD-88DB-5128CAC2D0E5}"
EndProject
Project("{9A19103F-16F7-4668-BE54-9A1E7A4F7556}") = "Mp3MusicZone.Common", "Mp3MusicZone.Common\Mp3MusicZone.Common.csproj", "{8292A05A-8B59-4751-BB24-7364CFCD8437}"
EndProject
Project("{9A19103F-16F7-4668-BE54-9A1E7A4F7556}") = "Mp3MusicZone.Domain", "Mp3MusicZone.Domain\Mp3MusicZone.Domain.csproj", "{B065EF9C-5764-4C81-9E33-6AABA2D7167A}"
EndProject
Project("{9A19103F-16F7-4668-BE54-9A1E7A4F7556}") = "Mp3MusicZone.EfDataAccess", "Mp3MusicZone.EfDataAccess\Mp3MusicZone.EfDataAccess.csproj", "{6CE6B632-ADD5-4A2F-9AE1-1F44E9D9B1A2}"
EndProject
Project("{9A19103F-16F7-4668-BE54-9A1E7A4F7556}") = "Mp3MusicZone.FileAccess", "Mp3MusicZone.FileAccess\Mp3MusicZone.FileAccess.csproj", "{269C5AE4-8049-4740-A8BC-60039E14F053}"
EndProject
Project("{9A19103F-16F7-4668-BE54-9A1E7A4F7556}") = "Mp3MusicZone.Web", "Mp3MusicZone.Web\Mp3MusicZone.Web.csproj", "{FBBA1B95-D6AA-4122-9222-15051F8C55DC}"
EndProject
Project("{FAE04EC0-301F-11D3-BF4B-00C04F79EFBC}") = "Mp3MusicZone.UnitTests", "Mp3MusicZone.UnitTests\Mp3MusicZone.UnitTests.csproj", "{FC8A410A-BDB9-43D6-A7F2-A81FDB655B3A}"
EndProject
Global
	GlobalSection(SolutionConfigurationPlatforms) = preSolution
		Debug|Any CPU = Debug|Any CPU
		Release|Any CPU = Release|Any CPU
	EndGlobalSection
	GlobalSection(ProjectConfigurationPlatforms) = postSolution
		{D8DECB16-56D6-4F2C-89EF-08FD48CC2B39}.Debug|Any CPU.ActiveCfg = Debug|Any CPU
		{D8DECB16-56D6-4F2C-89EF-08FD48CC2B39}.Debug|Any CPU.Build.0 = Debug|Any CPU
		{D8DECB16-56D6-4F2C-89EF-08FD48CC2B39}.Release|Any CPU.ActiveCfg = Release|Any CPU
		{D8DECB16-56D6-4F2C-89EF-08FD48CC2B39}.Release|Any CPU.Build.0 = Release|Any CPU
		{00E62634-ED2C-4EA4-831B-F0D36CEC2FAD}.Debug|Any CPU.ActiveCfg = Debug|Any CPU
		{00E62634-ED2C-4EA4-831B-F0D36CEC2FAD}.Debug|Any CPU.Build.0 = Debug|Any CPU
		{00E62634-ED2C-4EA4-831B-F0D36CEC2FAD}.Release|Any CPU.ActiveCfg = Release|Any CPU
		{00E62634-ED2C-4EA4-831B-F0D36CEC2FAD}.Release|Any CPU.Build.0 = Release|Any CPU
		{DAD6EBB8-2C14-4EFD-88DB-5128CAC2D0E5}.Debug|Any CPU.ActiveCfg = Debug|Any CPU
		{DAD6EBB8-2C14-4EFD-88DB-5128CAC2D0E5}.Debug|Any CPU.Build.0 = Debug|Any CPU
		{DAD6EBB8-2C14-4EFD-88DB-5128CAC2D0E5}.Release|Any CPU.ActiveCfg = Release|Any CPU
		{DAD6EBB8-2C14-4EFD-88DB-5128CAC2D0E5}.Release|Any CPU.Build.0 = Release|Any CPU
		{8292A05A-8B59-4751-BB24-7364CFCD8437}.Debug|Any CPU.ActiveCfg = Debug|Any CPU
		{8292A05A-8B59-4751-BB24-7364CFCD8437}.Debug|Any CPU.Build.0 = Debug|Any CPU
		{8292A05A-8B59-4751-BB24-7364CFCD8437}.Release|Any CPU.ActiveCfg = Release|Any CPU
		{8292A05A-8B59-4751-BB24-7364CFCD8437}.Release|Any CPU.Build.0 = Release|Any CPU
		{B065EF9C-5764-4C81-9E33-6AABA2D7167A}.Debug|Any CPU.ActiveCfg = Debug|Any CPU
		{B065EF9C-5764-4C81-9E33-6AABA2D7167A}.Debug|Any CPU.Build.0 = Debug|Any CPU
		{B065EF9C-5764-4C81-9E33-6AABA2D7167A}.Release|Any CPU.ActiveCfg = Release|Any CPU
		{B065EF9C-5764-4C81-9E33-6AABA2D7167A}.Release|Any CPU.Build.0 = Release|Any CPU
		{6CE6B632-ADD5-4A2F-9AE1-1F44E9D9B1A2}.Debug|Any CPU.ActiveCfg = Debug|Any CPU
		{6CE6B632-ADD5-4A2F-9AE1-1F44E9D9B1A2}.Debug|Any CPU.Build.0 = Debug|Any CPU
		{6CE6B632-ADD5-4A2F-9AE1-1F44E9D9B1A2}.Release|Any CPU.ActiveCfg = Release|Any CPU
		{6CE6B632-ADD5-4A2F-9AE1-1F44E9D9B1A2}.Release|Any CPU.Build.0 = Release|Any CPU
		{269C5AE4-8049-4740-A8BC-60039E14F053}.Debug|Any CPU.ActiveCfg = Debug|Any CPU
		{269C5AE4-8049-4740-A8BC-60039E14F053}.Debug|Any CPU.Build.0 = Debug|Any CPU
		{269C5AE4-8049-4740-A8BC-60039E14F053}.Release|Any CPU.ActiveCfg = Release|Any CPU
		{269C5AE4-8049-4740-A8BC-60039E14F053}.Release|Any CPU.Build.0 = Release|Any CPU
		{FBBA1B95-D6AA-4122-9222-15051F8C55DC}.Debug|Any CPU.ActiveCfg = Debug|Any CPU
		{FBBA1B95-D6AA-4122-9222-15051F8C55DC}.Debug|Any CPU.Build.0 = Debug|Any CPU
		{FBBA1B95-D6AA-4122-9222-15051F8C55DC}.Release|Any CPU.ActiveCfg = Release|Any CPU
		{FBBA1B95-D6AA-4122-9222-15051F8C55DC}.Release|Any CPU.Build.0 = Release|Any CPU
		{FC8A410A-BDB9-43D6-A7F2-A81FDB655B3A}.Debug|Any CPU.ActiveCfg = Debug|Any CPU
		{FC8A410A-BDB9-43D6-A7F2-A81FDB655B3A}.Debug|Any CPU.Build.0 = Debug|Any CPU
		{FC8A410A-BDB9-43D6-A7F2-A81FDB655B3A}.Release|Any CPU.ActiveCfg = Release|Any CPU
		{FC8A410A-BDB9-43D6-A7F2-A81FDB655B3A}.Release|Any CPU.Build.0 = Release|Any CPU
	EndGlobalSection
	GlobalSection(SolutionProperties) = preSolution
		HideSolutionNode = FALSE
	EndGlobalSection
	GlobalSection(NestedProjects) = preSolution
		{D8DECB16-56D6-4F2C-89EF-08FD48CC2B39} = {FE9B29CE-49FC-47D0-8FA1-D84A8CB720E7}
		{00E62634-ED2C-4EA4-831B-F0D36CEC2FAD} = {FE9B29CE-49FC-47D0-8FA1-D84A8CB720E7}
		{DAD6EBB8-2C14-4EFD-88DB-5128CAC2D0E5} = {E9BE9526-72E9-45CF-95B7-1D4256EC98AC}
		{FBBA1B95-D6AA-4122-9222-15051F8C55DC} = {E9BE9526-72E9-45CF-95B7-1D4256EC98AC}
		{FC8A410A-BDB9-43D6-A7F2-A81FDB655B3A} = {721678A5-7337-4CC3-89E7-1F77B660DAC4}
	EndGlobalSection
	GlobalSection(ExtensibilityGlobals) = postSolution
		SolutionGuid = {62356F3E-4889-4633-9078-E6A1640D2D5A}
	EndGlobalSection
EndGlobal
